// !$*UTF8*$!
{
	archiveVersion = 1;
	classes = {
	};
	objectVersion = 56;
	objects = {

/* Begin PBXBuildFile section */
		37489C732B22074200279056 /* AppDelegate.m in Sources */ = {isa = PBXBuildFile; fileRef = 37489C722B22074200279056 /* AppDelegate.m */; };
		37489C7E2B22074300279056 /* Assets.xcassets in Resources */ = {isa = PBXBuildFile; fileRef = 37489C7D2B22074300279056 /* Assets.xcassets */; };
		37489C812B22074300279056 /* LaunchScreen.storyboard in Resources */ = {isa = PBXBuildFile; fileRef = 37489C7F2B22074300279056 /* LaunchScreen.storyboard */; };
		37489C842B22074300279056 /* main.m in Sources */ = {isa = PBXBuildFile; fileRef = 37489C832B22074300279056 /* main.m */; };
		374A4C1F2B2209DD004C5D05 /* MainTableViewCell.m in Sources */ = {isa = PBXBuildFile; fileRef = 374A4C1D2B2209DD004C5D05 /* MainTableViewCell.m */; };
		374A4C202B2209DD004C5D05 /* MainTableViewCell.xib in Resources */ = {isa = PBXBuildFile; fileRef = 374A4C1E2B2209DD004C5D05 /* MainTableViewCell.xib */; };
		374A4C232B220ACE004C5D05 /* MainModel.m in Sources */ = {isa = PBXBuildFile; fileRef = 374A4C222B220ACE004C5D05 /* MainModel.m */; };
		374A4C292B220BE3004C5D05 /* DetailViewController.m in Sources */ = {isa = PBXBuildFile; fileRef = 374A4C272B220BE3004C5D05 /* DetailViewController.m */; };
		374A4C2A2B220BE3004C5D05 /* DetailViewController.xib in Resources */ = {isa = PBXBuildFile; fileRef = 374A4C282B220BE3004C5D05 /* DetailViewController.xib */; };
		37697FD42B220E1900E8026A /* DetailTableViewCell.m in Sources */ = {isa = PBXBuildFile; fileRef = 37697FD22B220E1900E8026A /* DetailTableViewCell.m */; };
		37697FD52B220E1900E8026A /* DetailTableViewCell.xib in Resources */ = {isa = PBXBuildFile; fileRef = 37697FD32B220E1900E8026A /* DetailTableViewCell.xib */; };
		37D5088E2B22079500979C8B /* MainViewController.m in Sources */ = {isa = PBXBuildFile; fileRef = 37D5088C2B22079500979C8B /* MainViewController.m */; };
		37D5088F2B22079500979C8B /* MainViewController.xib in Resources */ = {isa = PBXBuildFile; fileRef = 37D5088D2B22079500979C8B /* MainViewController.xib */; };
		5E3B2BA6934B0B9BBDE6AFE7 /* libPods-English.a in Frameworks */ = {isa = PBXBuildFile; fileRef = 5B3FDF15248B08F761D1137F /* libPods-English.a */; };
/* End PBXBuildFile section */

/* Begin PBXFileReference section */
		37489C6E2B22074200279056 /* English.app */ = {isa = PBXFileReference; explicitFileType = wrapper.application; includeInIndex = 0; path = English.app; sourceTree = BUILT_PRODUCTS_DIR; };
		37489C712B22074200279056 /* AppDelegate.h */ = {isa = PBXFileReference; lastKnownFileType = sourcecode.c.h; path = AppDelegate.h; sourceTree = "<group>"; };
		37489C722B22074200279056 /* AppDelegate.m */ = {isa = PBXFileReference; lastKnownFileType = sourcecode.c.objc; path = AppDelegate.m; sourceTree = "<group>"; };
		37489C7D2B22074300279056 /* Assets.xcassets */ = {isa = PBXFileReference; lastKnownFileType = folder.assetcatalog; path = Assets.xcassets; sourceTree = "<group>"; };
		37489C802B22074300279056 /* Base */ = {isa = PBXFileReference; lastKnownFileType = file.storyboard; name = Base; path = Base.lproj/LaunchScreen.storyboard; sourceTree = "<group>"; };
		37489C822B22074300279056 /* Info.plist */ = {isa = PBXFileReference; lastKnownFileType = text.plist.xml; path = Info.plist; sourceTree = "<group>"; };
		37489C832B22074300279056 /* main.m */ = {isa = PBXFileReference; lastKnownFileType = sourcecode.c.objc; path = main.m; sourceTree = "<group>"; };
		374A4C1C2B2209DD004C5D05 /* MainTableViewCell.h */ = {isa = PBXFileReference; lastKnownFileType = sourcecode.c.h; path = MainTableViewCell.h; sourceTree = "<group>"; };
		374A4C1D2B2209DD004C5D05 /* MainTableViewCell.m */ = {isa = PBXFileReference; lastKnownFileType = sourcecode.c.objc; path = MainTableViewCell.m; sourceTree = "<group>"; };
		374A4C1E2B2209DD004C5D05 /* MainTableViewCell.xib */ = {isa = PBXFileReference; lastKnownFileType = file.xib; path = MainTableViewCell.xib; sourceTree = "<group>"; };
		374A4C212B220ACE004C5D05 /* MainModel.h */ = {isa = PBXFileReference; lastKnownFileType = sourcecode.c.h; path = MainModel.h; sourceTree = "<group>"; };
		374A4C222B220ACE004C5D05 /* MainModel.m */ = {isa = PBXFileReference; lastKnownFileType = sourcecode.c.objc; path = MainModel.m; sourceTree = "<group>"; };
		374A4C262B220BE3004C5D05 /* DetailViewController.h */ = {isa = PBXFileReference; lastKnownFileType = sourcecode.c.h; path = DetailViewController.h; sourceTree = "<group>"; };
		374A4C272B220BE3004C5D05 /* DetailViewController.m */ = {isa = PBXFileReference; lastKnownFileType = sourcecode.c.objc; path = DetailViewController.m; sourceTree = "<group>"; };
		374A4C282B220BE3004C5D05 /* DetailViewController.xib */ = {isa = PBXFileReference; lastKnownFileType = file.xib; path = DetailViewController.xib; sourceTree = "<group>"; };
		37697FD12B220E1900E8026A /* DetailTableViewCell.h */ = {isa = PBXFileReference; lastKnownFileType = sourcecode.c.h; path = DetailTableViewCell.h; sourceTree = "<group>"; };
		37697FD22B220E1900E8026A /* DetailTableViewCell.m */ = {isa = PBXFileReference; lastKnownFileType = sourcecode.c.objc; path = DetailTableViewCell.m; sourceTree = "<group>"; };
		37697FD32B220E1900E8026A /* DetailTableViewCell.xib */ = {isa = PBXFileReference; lastKnownFileType = file.xib; path = DetailTableViewCell.xib; sourceTree = "<group>"; };
		37D5088B2B22079500979C8B /* MainViewController.h */ = {isa = PBXFileReference; lastKnownFileType = sourcecode.c.h; path = MainViewController.h; sourceTree = "<group>"; };
		37D5088C2B22079500979C8B /* MainViewController.m */ = {isa = PBXFileReference; lastKnownFileType = sourcecode.c.objc; path = MainViewController.m; sourceTree = "<group>"; };
		37D5088D2B22079500979C8B /* MainViewController.xib */ = {isa = PBXFileReference; lastKnownFileType = file.xib; path = MainViewController.xib; sourceTree = "<group>"; };
		5B3FDF15248B08F761D1137F /* libPods-English.a */ = {isa = PBXFileReference; explicitFileType = archive.ar; includeInIndex = 0; path = "libPods-English.a"; sourceTree = BUILT_PRODUCTS_DIR; };
		BC957ADDD1308A57C14E7AB8 /* Pods-English.debug.xcconfig */ = {isa = PBXFileReference; includeInIndex = 1; lastKnownFileType = text.xcconfig; name = "Pods-English.debug.xcconfig"; path = "Target Support Files/Pods-English/Pods-English.debug.xcconfig"; sourceTree = "<group>"; };
		FEDD3F8B4126F6AFD9A8993D /* Pods-English.release.xcconfig */ = {isa = PBXFileReference; includeInIndex = 1; lastKnownFileType = text.xcconfig; name = "Pods-English.release.xcconfig"; path = "Target Support Files/Pods-English/Pods-English.release.xcconfig"; sourceTree = "<group>"; };
/* End PBXFileReference section */

/* Begin PBXFrameworksBuildPhase section */
		37489C6B2B22074200279056 /* Frameworks */ = {
			isa = PBXFrameworksBuildPhase;
			buildActionMask = 2147483647;
			files = (
				5E3B2BA6934B0B9BBDE6AFE7 /* libPods-English.a in Frameworks */,
			);
			runOnlyForDeploymentPostprocessing = 0;
		};
/* End PBXFrameworksBuildPhase section */

/* Begin PBXGroup section */
		37489C652B22074200279056 = {
			isa = PBXGroup;
			children = (
				37489C702B22074200279056 /* English */,
				37489C6F2B22074200279056 /* Products */,
				FE6EFC2E5DE4BFB5961798B2 /* Pods */,
				AA9B9C32F3454F5E86819618 /* Frameworks */,
			);
			sourceTree = "<group>";
		};
		37489C6F2B22074200279056 /* Products */ = {
			isa = PBXGroup;
			children = (
				37489C6E2B22074200279056 /* English.app */,
			);
			name = Products;
			sourceTree = "<group>";
		};
		37489C702B22074200279056 /* English */ = {
			isa = PBXGroup;
			children = (
				37489C712B22074200279056 /* AppDelegate.h */,
				37489C722B22074200279056 /* AppDelegate.m */,
				374A4C212B220ACE004C5D05 /* MainModel.h */,
				374A4C222B220ACE004C5D05 /* MainModel.m */,
				374A4C252B220BD8004C5D05 /* Detail */,
				374A4C242B220BC6004C5D05 /* Main */,
				37489C7D2B22074300279056 /* Assets.xcassets */,
				37489C7F2B22074300279056 /* LaunchScreen.storyboard */,
				37489C822B22074300279056 /* Info.plist */,
				37489C832B22074300279056 /* main.m */,
			);
			path = English;
			sourceTree = "<group>";
		};
		374A4C242B220BC6004C5D05 /* Main */ = {
			isa = PBXGroup;
			children = (
				374A4C1C2B2209DD004C5D05 /* MainTableViewCell.h */,
				374A4C1D2B2209DD004C5D05 /* MainTableViewCell.m */,
				374A4C1E2B2209DD004C5D05 /* MainTableViewCell.xib */,
				37D5088B2B22079500979C8B /* MainViewController.h */,
				37D5088C2B22079500979C8B /* MainViewController.m */,
				37D5088D2B22079500979C8B /* MainViewController.xib */,
			);
			path = Main;
			sourceTree = "<group>";
		};
		374A4C252B220BD8004C5D05 /* Detail */ = {
			isa = PBXGroup;
			children = (
				37697FD12B220E1900E8026A /* DetailTableViewCell.h */,
				37697FD22B220E1900E8026A /* DetailTableViewCell.m */,
				37697FD32B220E1900E8026A /* DetailTableViewCell.xib */,
				374A4C262B220BE3004C5D05 /* DetailViewController.h */,
				374A4C272B220BE3004C5D05 /* DetailViewController.m */,
				374A4C282B220BE3004C5D05 /* DetailViewController.xib */,
			);
			path = Detail;
			sourceTree = "<group>";
		};
		AA9B9C32F3454F5E86819618 /* Frameworks */ = {
			isa = PBXGroup;
			children = (
				5B3FDF15248B08F761D1137F /* libPods-English.a */,
			);
			name = Frameworks;
			sourceTree = "<group>";
		};
		FE6EFC2E5DE4BFB5961798B2 /* Pods */ = {
			isa = PBXGroup;
			children = (
				BC957ADDD1308A57C14E7AB8 /* Pods-English.debug.xcconfig */,
				FEDD3F8B4126F6AFD9A8993D /* Pods-English.release.xcconfig */,
			);
			path = Pods;
			sourceTree = "<group>";
		};
/* End PBXGroup section */

/* Begin PBXNativeTarget section */
		37489C6D2B22074200279056 /* English */ = {
			isa = PBXNativeTarget;
			buildConfigurationList = 37489C872B22074300279056 /* Build configuration list for PBXNativeTarget "English" */;
			buildPhases = (
				75AB8C0778B337F7EF2F428D /* [CP] Check Pods Manifest.lock */,
				37489C6A2B22074200279056 /* Sources */,
				37489C6B2B22074200279056 /* Frameworks */,
				37489C6C2B22074200279056 /* Resources */,
			);
			buildRules = (
			);
			dependencies = (
			);
			name = English;
			productName = English;
			productReference = 37489C6E2B22074200279056 /* English.app */;
			productType = "com.apple.product-type.application";
		};
/* End PBXNativeTarget section */

/* Begin PBXProject section */
		37489C662B22074200279056 /* Project object */ = {
			isa = PBXProject;
			attributes = {
				BuildIndependentTargetsInParallel = 1;
				LastUpgradeCheck = 1430;
				TargetAttributes = {
					37489C6D2B22074200279056 = {
						CreatedOnToolsVersion = 14.3.1;
					};
				};
			};
			buildConfigurationList = 37489C692B22074200279056 /* Build configuration list for PBXProject "English" */;
			compatibilityVersion = "Xcode 14.0";
			developmentRegion = en;
			hasScannedForEncodings = 0;
			knownRegions = (
				en,
				Base,
			);
			mainGroup = 37489C652B22074200279056;
			productRefGroup = 37489C6F2B22074200279056 /* Products */;
			projectDirPath = "";
			projectRoot = "";
			targets = (
				37489C6D2B22074200279056 /* English */,
			);
		};
/* End PBXProject section */

/* Begin PBXResourcesBuildPhase section */
		37489C6C2B22074200279056 /* Resources */ = {
			isa = PBXResourcesBuildPhase;
			buildActionMask = 2147483647;
			files = (
				374A4C2A2B220BE3004C5D05 /* DetailViewController.xib in Resources */,
				37489C812B22074300279056 /* LaunchScreen.storyboard in Resources */,
				37D5088F2B22079500979C8B /* MainViewController.xib in Resources */,
				37489C7E2B22074300279056 /* Assets.xcassets in Resources */,
				37697FD52B220E1900E8026A /* DetailTableViewCell.xib in Resources */,
				374A4C202B2209DD004C5D05 /* MainTableViewCell.xib in Resources */,
			);
			runOnlyForDeploymentPostprocessing = 0;
		};
/* End PBXResourcesBuildPhase section */

/* Begin PBXShellScriptBuildPhase section */
		75AB8C0778B337F7EF2F428D /* [CP] Check Pods Manifest.lock */ = {
			isa = PBXShellScriptBuildPhase;
			buildActionMask = 2147483647;
			files = (
			);
			inputFileListPaths = (
			);
			inputPaths = (
				"${PODS_PODFILE_DIR_PATH}/Podfile.lock",
				"${PODS_ROOT}/Manifest.lock",
			);
			name = "[CP] Check Pods Manifest.lock";
			outputFileListPaths = (
			);
			outputPaths = (
				"$(DERIVED_FILE_DIR)/Pods-English-checkManifestLockResult.txt",
			);
			runOnlyForDeploymentPostprocessing = 0;
			shellPath = /bin/sh;
			shellScript = "diff \"${PODS_PODFILE_DIR_PATH}/Podfile.lock\" \"${PODS_ROOT}/Manifest.lock\" > /dev/null\nif [ $? != 0 ] ; then\n    # print error to STDERR\n    echo \"error: The sandbox is not in sync with the Podfile.lock. Run 'pod install' or update your CocoaPods installation.\" >&2\n    exit 1\nfi\n# This output is used by Xcode 'outputs' to avoid re-running this script phase.\necho \"SUCCESS\" > \"${SCRIPT_OUTPUT_FILE_0}\"\n";
			showEnvVarsInLog = 0;
		};
/* End PBXShellScriptBuildPhase section */

/* Begin PBXSourcesBuildPhase section */
		37489C6A2B22074200279056 /* Sources */ = {
			isa = PBXSourcesBuildPhase;
			buildActionMask = 2147483647;
			files = (
				37489C732B22074200279056 /* AppDelegate.m in Sources */,
				37D5088E2B22079500979C8B /* MainViewController.m in Sources */,
				374A4C232B220ACE004C5D05 /* MainModel.m in Sources */,
				374A4C1F2B2209DD004C5D05 /* MainTableViewCell.m in Sources */,
				37489C842B22074300279056 /* main.m in Sources */,
				374A4C292B220BE3004C5D05 /* DetailViewController.m in Sources */,
				37697FD42B220E1900E8026A /* DetailTableViewCell.m in Sources */,
			);
			runOnlyForDeploymentPostprocessing = 0;
		};
/* End PBXSourcesBuildPhase section */

/* Begin PBXVariantGroup section */
		37489C7F2B22074300279056 /* LaunchScreen.storyboard */ = {
			isa = PBXVariantGroup;
			children = (
				37489C802B22074300279056 /* Base */,
			);
			name = LaunchScreen.storyboard;
			sourceTree = "<group>";
		};
/* End PBXVariantGroup section */

/* Begin XCBuildConfiguration section */
		37489C852B22074300279056 /* Debug */ = {
			isa = XCBuildConfiguration;
			buildSettings = {
				ALWAYS_SEARCH_USER_PATHS = NO;
				CLANG_ANALYZER_NONNULL = YES;
				CLANG_ANALYZER_NUMBER_OBJECT_CONVERSION = YES_AGGRESSIVE;
				CLANG_CXX_LANGUAGE_STANDARD = "gnu++20";
				CLANG_ENABLE_MODULES = YES;
				CLANG_ENABLE_OBJC_ARC = YES;
				CLANG_ENABLE_OBJC_WEAK = YES;
				CLANG_WARN_BLOCK_CAPTURE_AUTORELEASING = YES;
				CLANG_WARN_BOOL_CONVERSION = YES;
				CLANG_WARN_COMMA = YES;
				CLANG_WARN_CONSTANT_CONVERSION = YES;
				CLANG_WARN_DEPRECATED_OBJC_IMPLEMENTATIONS = YES;
				CLANG_WARN_DIRECT_OBJC_ISA_USAGE = YES_ERROR;
				CLANG_WARN_DOCUMENTATION_COMMENTS = YES;
				CLANG_WARN_EMPTY_BODY = YES;
				CLANG_WARN_ENUM_CONVERSION = YES;
				CLANG_WARN_INFINITE_RECURSION = YES;
				CLANG_WARN_INT_CONVERSION = YES;
				CLANG_WARN_NON_LITERAL_NULL_CONVERSION = YES;
				CLANG_WARN_OBJC_IMPLICIT_RETAIN_SELF = YES;
				CLANG_WARN_OBJC_LITERAL_CONVERSION = YES;
				CLANG_WARN_OBJC_ROOT_CLASS = YES_ERROR;
				CLANG_WARN_QUOTED_INCLUDE_IN_FRAMEWORK_HEADER = YES;
				CLANG_WARN_RANGE_LOOP_ANALYSIS = YES;
				CLANG_WARN_STRICT_PROTOTYPES = YES;
				CLANG_WARN_SUSPICIOUS_MOVE = YES;
				CLANG_WARN_UNGUARDED_AVAILABILITY = YES_AGGRESSIVE;
				CLANG_WARN_UNREACHABLE_CODE = YES;
				CLANG_WARN__DUPLICATE_METHOD_MATCH = YES;
				COPY_PHASE_STRIP = NO;
				DEBUG_INFORMATION_FORMAT = dwarf;
				ENABLE_STRICT_OBJC_MSGSEND = YES;
				ENABLE_TESTABILITY = YES;
				GCC_C_LANGUAGE_STANDARD = gnu11;
				GCC_DYNAMIC_NO_PIC = NO;
				GCC_NO_COMMON_BLOCKS = YES;
				GCC_OPTIMIZATION_LEVEL = 0;
				GCC_PREPROCESSOR_DEFINITIONS = (
					"DEBUG=1",
					"$(inherited)",
				);
				GCC_WARN_64_TO_32_BIT_CONVERSION = YES;
				GCC_WARN_ABOUT_RETURN_TYPE = YES_ERROR;
				GCC_WARN_UNDECLARED_SELECTOR = YES;
				GCC_WARN_UNINITIALIZED_AUTOS = YES_AGGRESSIVE;
				GCC_WARN_UNUSED_FUNCTION = YES;
				GCC_WARN_UNUSED_VARIABLE = YES;
				IPHONEOS_DEPLOYMENT_TARGET = 16.4;
				MTL_ENABLE_DEBUG_INFO = INCLUDE_SOURCE;
				MTL_FAST_MATH = YES;
				ONLY_ACTIVE_ARCH = YES;
				SDKROOT = iphoneos;
			};
			name = Debug;
		};
		37489C862B22074300279056 /* Release */ = {
			isa = XCBuildConfiguration;
			buildSettings = {
				ALWAYS_SEARCH_USER_PATHS = NO;
				CLANG_ANALYZER_NONNULL = YES;
				CLANG_ANALYZER_NUMBER_OBJECT_CONVERSION = YES_AGGRESSIVE;
				CLANG_CXX_LANGUAGE_STANDARD = "gnu++20";
				CLANG_ENABLE_MODULES = YES;
				CLANG_ENABLE_OBJC_ARC = YES;
				CLANG_ENABLE_OBJC_WEAK = YES;
				CLANG_WARN_BLOCK_CAPTURE_AUTORELEASING = YES;
				CLANG_WARN_BOOL_CONVERSION = YES;
				CLANG_WARN_COMMA = YES;
				CLANG_WARN_CONSTANT_CONVERSION = YES;
				CLANG_WARN_DEPRECATED_OBJC_IMPLEMENTATIONS = YES;
				CLANG_WARN_DIRECT_OBJC_ISA_USAGE = YES_ERROR;
				CLANG_WARN_DOCUMENTATION_COMMENTS = YES;
				CLANG_WARN_EMPTY_BODY = YES;
				CLANG_WARN_ENUM_CONVERSION = YES;
				CLANG_WARN_INFINITE_RECURSION = YES;
				CLANG_WARN_INT_CONVERSION = YES;
				CLANG_WARN_NON_LITERAL_NULL_CONVERSION = YES;
				CLANG_WARN_OBJC_IMPLICIT_RETAIN_SELF = YES;
				CLANG_WARN_OBJC_LITERAL_CONVERSION = YES;
				CLANG_WARN_OBJC_ROOT_CLASS = YES_ERROR;
				CLANG_WARN_QUOTED_INCLUDE_IN_FRAMEWORK_HEADER = YES;
				CLANG_WARN_RANGE_LOOP_ANALYSIS = YES;
				CLANG_WARN_STRICT_PROTOTYPES = YES;
				CLANG_WARN_SUSPICIOUS_MOVE = YES;
				CLANG_WARN_UNGUARDED_AVAILABILITY = YES_AGGRESSIVE;
				CLANG_WARN_UNREACHABLE_CODE = YES;
				CLANG_WARN__DUPLICATE_METHOD_MATCH = YES;
				COPY_PHASE_STRIP = NO;
				DEBUG_INFORMATION_FORMAT = "dwarf-with-dsym";
				ENABLE_NS_ASSERTIONS = NO;
				ENABLE_STRICT_OBJC_MSGSEND = YES;
				GCC_C_LANGUAGE_STANDARD = gnu11;
				GCC_NO_COMMON_BLOCKS = YES;
				GCC_WARN_64_TO_32_BIT_CONVERSION = YES;
				GCC_WARN_ABOUT_RETURN_TYPE = YES_ERROR;
				GCC_WARN_UNDECLARED_SELECTOR = YES;
				GCC_WARN_UNINITIALIZED_AUTOS = YES_AGGRESSIVE;
				GCC_WARN_UNUSED_FUNCTION = YES;
				GCC_WARN_UNUSED_VARIABLE = YES;
				IPHONEOS_DEPLOYMENT_TARGET = 16.4;
				MTL_ENABLE_DEBUG_INFO = NO;
				MTL_FAST_MATH = YES;
				SDKROOT = iphoneos;
				VALIDATE_PRODUCT = YES;
			};
			name = Release;
		};
		37489C882B22074300279056 /* Debug */ = {
			isa = XCBuildConfiguration;
			baseConfigurationReference = BC957ADDD1308A57C14E7AB8 /* Pods-English.debug.xcconfig */;
			buildSettings = {
				ASSETCATALOG_COMPILER_APPICON_NAME = AppIcon;
				ASSETCATALOG_COMPILER_GLOBAL_ACCENT_COLOR_NAME = AccentColor;
				CODE_SIGN_STYLE = Automatic;
				CURRENT_PROJECT_VERSION = 1;
				GENERATE_INFOPLIST_FILE = YES;
				INFOPLIST_FILE = English/Info.plist;
				INFOPLIST_KEY_UIApplicationSupportsIndirectInputEvents = YES;
				INFOPLIST_KEY_UILaunchStoryboardName = LaunchScreen;
				INFOPLIST_KEY_UISupportedInterfaceOrientations_iPad = "UIInterfaceOrientationPortrait UIInterfaceOrientationPortraitUpsideDown UIInterfaceOrientationLandscapeLeft UIInterfaceOrientationLandscapeRight";
				INFOPLIST_KEY_UISupportedInterfaceOrientations_iPhone = "UIInterfaceOrientationPortrait UIInterfaceOrientationLandscapeLeft UIInterfaceOrientationLandscapeRight";
				LD_RUNPATH_SEARCH_PATHS = (
					"$(inherited)",
					"@executable_path/Frameworks",
				);
				MARKETING_VERSION = 1.0;
				PRODUCT_BUNDLE_IDENTIFIER = wang.shengfeng.English;
				PRODUCT_NAME = "$(TARGET_NAME)";
				SWIFT_EMIT_LOC_STRINGS = YES;
				TARGETED_DEVICE_FAMILY = "1,2";
			};
			name = Debug;
		};
		37489C892B22074300279056 /* Release */ = {
			isa = XCBuildConfiguration;
			baseConfigurationReference = FEDD3F8B4126F6AFD9A8993D /* Pods-English.release.xcconfig */;
			buildSettings = {
				ASSETCATALOG_COMPILER_APPICON_NAME = AppIcon;
				ASSETCATALOG_COMPILER_GLOBAL_ACCENT_COLOR_NAME = AccentColor;
				CODE_SIGN_STYLE = Automatic;
				CURRENT_PROJECT_VERSION = 1;
				GENERATE_INFOPLIST_FILE = YES;
				INFOPLIST_FILE = English/Info.plist;
				INFOPLIST_KEY_UIApplicationSupportsIndirectInputEvents = YES;
				INFOPLIST_KEY_UILaunchStoryboardName = LaunchScreen;
				INFOPLIST_KEY_UISupportedInterfaceOrientations_iPad = "UIInterfaceOrientationPortrait UIInterfaceOrientationPortraitUpsideDown UIInterfaceOrientationLandscapeLeft UIInterfaceOrientationLandscapeRight";
				INFOPLIST_KEY_UISupportedInterfaceOrientations_iPhone = "UIInterfaceOrientationPortrait UIInterfaceOrientationLandscapeLeft UIInterfaceOrientationLandscapeRight";
				LD_RUNPATH_SEARCH_PATHS = (
					"$(inherited)",
					"@executable_path/Frameworks",
				);
				MARKETING_VERSION = 1.0;
				PRODUCT_BUNDLE_IDENTIFIER = wang.shengfeng.English;
				PRODUCT_NAME = "$(TARGET_NAME)";
				SWIFT_EMIT_LOC_STRINGS = YES;
				TARGETED_DEVICE_FAMILY = "1,2";
			};
			name = Release;
		};
/* End XCBuildConfiguration section */

/* Begin XCConfigurationList section */
		37489C692B22074200279056 /* Build configuration list for PBXProject "English" */ = {
			isa = XCConfigurationList;
			buildConfigurations = (
				37489C852B22074300279056 /* Debug */,
				37489C862B22074300279056 /* Release */,
			);
			defaultConfigurationIsVisible = 0;
			defaultConfigurationName = Release;
		};
		37489C872B22074300279056 /* Build configuration list for PBXNativeTarget "English" */ = {
			isa = XCConfigurationList;
			buildConfigurations = (
				37489C882B22074300279056 /* Debug */,
				37489C892B22074300279056 /* Release */,
			);
			defaultConfigurationIsVisible = 0;
			defaultConfigurationName = Release;
		};
/* End XCConfigurationList section */
	};
	rootObject = 37489C662B22074200279056 /* Project object */;
}
